
Microsoft Visual Studio Solution File, Format Version 12.00
# Visual Studio Version 16
VisualStudioVersion = 16.0.29326.143
MinimumVisualStudioVersion = 10.0.40219.1
Project("{FAE04EC0-301F-11D3-BF4B-00C04F79EFBC}") = "guoyang_liu_exercise1", "guoyang_liu_exercise1\guoyang_liu_exercise1.csproj", "{DD55393F-D8AD-487F-9EBC-55C05AF2E5EE}"
EndProject
Project("{FAE04EC0-301F-11D3-BF4B-00C04F79EFBC}") = "guoyang_liu_exercise2", "guoyang_liu_exercise2\guoyang_liu_exercise2.csproj", "{B62465D2-08DC-4D45-BDB9-54BBA4BBC72C}"
EndProject
Global
	GlobalSection(SolutionConfigurationPlatforms) = preSolution
		Debug|Any CPU = Debug|Any CPU
		Release|Any CPU = Release|Any CPU
	EndGlobalSection
	GlobalSection(ProjectConfigurationPlatforms) = postSolution
		{DD55393F-D8AD-487F-9EBC-55C05AF2E5EE}.Debug|Any CPU.ActiveCfg = Debug|Any CPU
		{DD55393F-D8AD-487F-9EBC-55C05AF2E5EE}.Debug|Any CPU.Build.0 = Debug|Any CPU
		{DD55393F-D8AD-487F-9EBC-55C05AF2E5EE}.Release|Any CPU.ActiveCfg = Release|Any CPU
		{DD55393F-D8AD-487F-9EBC-55C05AF2E5EE}.Release|Any CPU.Build.0 = Release|Any CPU
		{B62465D2-08DC-4D45-BDB9-54BBA4BBC72C}.Debug|Any CPU.ActiveCfg = Debug|Any CPU
		{B62465D2-08DC-4D45-BDB9-54BBA4BBC72C}.Debug|Any CPU.Build.0 = Debug|Any CPU
		{B62465D2-08DC-4D45-BDB9-54BBA4BBC72C}.Release|Any CPU.ActiveCfg = Release|Any CPU
		{B62465D2-08DC-4D45-BDB9-54BBA4BBC72C}.Release|Any CPU.Build.0 = Release|Any CPU
	EndGlobalSection
	GlobalSection(SolutionProperties) = preSolution
		HideSolutionNode = FALSE
	EndGlobalSection
	GlobalSection(ExtensibilityGlobals) = postSolution
		SolutionGuid = {27C3F9EE-3000-4A8B-8DD4-5559B10462F7}
	EndGlobalSection
EndGlobal
